
Microsoft Visual Studio Solution File, Format Version 12.00
Project("{FAE04EC0-301F-11D3-BF4B-00C04F79EFBC}") = "NodaTimeTest.WebApi", "NodaTimeTest.WebApi\NodaTimeTest.WebApi.csproj", "{EAF36028-C59E-4A35-B4B1-868DF2CFB1CB}"
EndProject
Global
	GlobalSection(SolutionConfigurationPlatforms) = preSolution
		Debug|Any CPU = Debug|Any CPU
		Release|Any CPU = Release|Any CPU
	EndGlobalSection
	GlobalSection(ProjectConfigurationPlatforms) = postSolution
		{EAF36028-C59E-4A35-B4B1-868DF2CFB1CB}.Debug|Any CPU.ActiveCfg = Debug|Any CPU
		{EAF36028-C59E-4A35-B4B1-868DF2CFB1CB}.Debug|Any CPU.Build.0 = Debug|Any CPU
		{EAF36028-C59E-4A35-B4B1-868DF2CFB1CB}.Release|Any CPU.ActiveCfg = Release|Any CPU
		{EAF36028-C59E-4A35-B4B1-868DF2CFB1CB}.Release|Any CPU.Build.0 = Release|Any CPU
	EndGlobalSection
EndGlobal
